
Microsoft Visual Studio Solution File, Format Version 12.00
# Visual Studio Version 17
VisualStudioVersion = 17.1.32210.238
MinimumVisualStudioVersion = 10.0.40219.1
Project("{9A19103F-16F7-4668-BE54-9A1E7A4F7556}") = "DataAccess", "DataAccess\DataAccess.csproj", "{3AE6AAF7-6EBB-473E-B915-05960013EC77}"
EndProject
Project("{9A19103F-16F7-4668-BE54-9A1E7A4F7556}") = "Entities", "Entities\Entities.csproj", "{80610130-DFCE-4E50-A943-E8D28570BF63}"
EndProject
Project("{9A19103F-16F7-4668-BE54-9A1E7A4F7556}") = "Business", "Business\Business.csproj", "{5C906355-1F8D-4440-97B9-951933BC6678}"
EndProject
Project("{9A19103F-16F7-4668-BE54-9A1E7A4F7556}") = "ConsoleUI", "ConsoleUI\ConsoleUI.csproj", "{97342FB1-46B2-4EE4-811E-F9838D32A30B}"
EndProject
Project("{FAE04EC0-301F-11D3-BF4B-00C04F79EFBC}") = "Core", "Core\Core.csproj", "{BC16FE58-7CC2-478D-9693-008026FE50D9}"
EndProject
Global
	GlobalSection(SolutionConfigurationPlatforms) = preSolution
		Debug|Any CPU = Debug|Any CPU
		Release|Any CPU = Release|Any CPU
	EndGlobalSection
	GlobalSection(ProjectConfigurationPlatforms) = postSolution
		{3AE6AAF7-6EBB-473E-B915-05960013EC77}.Debug|Any CPU.ActiveCfg = Debug|Any CPU
		{3AE6AAF7-6EBB-473E-B915-05960013EC77}.Debug|Any CPU.Build.0 = Debug|Any CPU
		{3AE6AAF7-6EBB-473E-B915-05960013EC77}.Release|Any CPU.ActiveCfg = Release|Any CPU
		{3AE6AAF7-6EBB-473E-B915-05960013EC77}.Release|Any CPU.Build.0 = Release|Any CPU
		{80610130-DFCE-4E50-A943-E8D28570BF63}.Debug|Any CPU.ActiveCfg = Debug|Any CPU
		{80610130-DFCE-4E50-A943-E8D28570BF63}.Debug|Any CPU.Build.0 = Debug|Any CPU
		{80610130-DFCE-4E50-A943-E8D28570BF63}.Release|Any CPU.ActiveCfg = Release|Any CPU
		{80610130-DFCE-4E50-A943-E8D28570BF63}.Release|Any CPU.Build.0 = Release|Any CPU
		{5C906355-1F8D-4440-97B9-951933BC6678}.Debug|Any CPU.ActiveCfg = Debug|Any CPU
		{5C906355-1F8D-4440-97B9-951933BC6678}.Debug|Any CPU.Build.0 = Debug|Any CPU
		{5C906355-1F8D-4440-97B9-951933BC6678}.Release|Any CPU.ActiveCfg = Release|Any CPU
		{5C906355-1F8D-4440-97B9-951933BC6678}.Release|Any CPU.Build.0 = Release|Any CPU
		{97342FB1-46B2-4EE4-811E-F9838D32A30B}.Debug|Any CPU.ActiveCfg = Debug|Any CPU
		{97342FB1-46B2-4EE4-811E-F9838D32A30B}.Debug|Any CPU.Build.0 = Debug|Any CPU
		{97342FB1-46B2-4EE4-811E-F9838D32A30B}.Release|Any CPU.ActiveCfg = Release|Any CPU
		{97342FB1-46B2-4EE4-811E-F9838D32A30B}.Release|Any CPU.Build.0 = Release|Any CPU
		{BC16FE58-7CC2-478D-9693-008026FE50D9}.Debug|Any CPU.ActiveCfg = Debug|Any CPU
		{BC16FE58-7CC2-478D-9693-008026FE50D9}.Debug|Any CPU.Build.0 = Debug|Any CPU
		{BC16FE58-7CC2-478D-9693-008026FE50D9}.Release|Any CPU.ActiveCfg = Release|Any CPU
		{BC16FE58-7CC2-478D-9693-008026FE50D9}.Release|Any CPU.Build.0 = Release|Any CPU
	EndGlobalSection
	GlobalSection(SolutionProperties) = preSolution
		HideSolutionNode = FALSE
	EndGlobalSection
	GlobalSection(ExtensibilityGlobals) = postSolution
		SolutionGuid = {65182E06-769E-40D7-8361-E47B3DCEAEF1}
	EndGlobalSection
EndGlobal
